PODS:
  - audio_session (0.0.1):
    - Flutter
  - audio_waveforms (0.0.1):
    - Flutter
  - device_info_plus (0.0.1):
    - Flutter
  - ffmpeg_kit_flutter_new (1.0.0):
    - ffmpeg_kit_flutter_new/full-gpl (= 1.0.0)
    - Flutter
  - ffmpeg_kit_flutter_new/full-gpl (1.0.0):
    - Flutter
  - Flutter (1.0.0)
  - health (13.2.1):
    - Flutter
  - just_audio (0.0.1):
    - Flutter
    - FlutterMacOS
  - path_provider_foundation (0.0.1):
    - Flutter
    - FlutterMacOS
  - permission_handler_apple (9.3.0):
    - Flutter
  - share_plus (0.0.1):
    - Flutter

DEPENDENCIES:
  - audio_session (from `.symlinks/plugins/audio_session/ios`)
  - audio_waveforms (from `.symlinks/plugins/audio_waveforms/ios`)
  - device_info_plus (from `.symlinks/plugins/device_info_plus/ios`)
  - ffmpeg_kit_flutter_new (from `.symlinks/plugins/ffmpeg_kit_flutter_new/ios`)
  - Flutter (from `Flutter`)
  - health (from `.symlinks/plugins/health/ios`)
  - just_audio (from `.symlinks/plugins/just_audio/darwin`)
  - path_provider_foundation (from `.symlinks/plugins/path_provider_foundation/darwin`)
  - permission_handler_apple (from `.symlinks/plugins/permission_handler_apple/ios`)
  - share_plus (from `.symlinks/plugins/share_plus/ios`)

EXTERNAL SOURCES:
  audio_session:
    :path: ".symlinks/plugins/audio_session/ios"
  audio_waveforms:
    :path: ".symlinks/plugins/audio_waveforms/ios"
  device_info_plus:
    :path: ".symlinks/plugins/device_info_plus/ios"
  ffmpeg_kit_flutter_new:
    :path: ".symlinks/plugins/ffmpeg_kit_flutter_new/ios"
  Flutter:
    :path: Flutter
  health:
    :path: ".symlinks/plugins/health/ios"
  just_audio:
    :path: ".symlinks/plugins/just_audio/darwin"
  path_provider_foundation:
    :path: ".symlinks/plugins/path_provider_foundation/darwin"
  permission_handler_apple:
    :path: ".symlinks/plugins/permission_handler_apple/ios"
  share_plus:
    :path: ".symlinks/plugins/share_plus/ios"

SPEC CHECKSUMS:
  audio_session: 9bb7f6c970f21241b19f5a3658097ae459681ba0
  audio_waveforms: a6dde7fe7c0ea05f06ffbdb0f7c1b2b2ba6cedcf
  device_info_plus: 21fcca2080fbcd348be798aa36c3e5ed849eefbe
  ffmpeg_kit_flutter_new: 12426a19f10ac81186c67c6ebc4717f8f4364b7f
  Flutter: cabc95a1d2626b1b06e7179b784ebcf0c0cde467
  health: e310387222e199d4b3261337490a67aaff6d18eb
  just_audio: 4e391f57b79cad2b0674030a00453ca5ce817eed
  path_provider_foundation: 080d55be775b7414fd5a5ef3ac137b97b097e564
  permission_handler_apple: 4ed2196e43d0651e8ff7ca3483a069d469701f2d
  share_plus: 50da8cb520a8f0f65671c6c6a99b3617ed10a58a

PODFILE CHECKSUM: 3c63482e143d1b91d2d2560aee9fb04ecc74ac7e

COCOAPODS: 1.16.2
